
Microsoft Visual Studio Solution File, Format Version 12.00
# Visual Studio Version 17
VisualStudioVersion = 17.11.35312.102
MinimumVisualStudioVersion = 10.0.40219.1
Project("{FAE04EC0-301F-11D3-BF4B-00C04F79EFBC}") = "Likes", "Likes.csproj", "{B4369883-497E-445E-8DEA-E854CA9EC4EB}"
EndProject
Global
	GlobalSection(SolutionConfigurationPlatforms) = preSolution
		Debug|Any CPU = Debug|Any CPU
		Release|Any CPU = Release|Any CPU
	EndGlobalSection
	GlobalSection(ProjectConfigurationPlatforms) = postSolution
		{B4369883-497E-445E-8DEA-E854CA9EC4EB}.Debug|Any CPU.ActiveCfg = Debug|Any CPU
		{B4369883-497E-445E-8DEA-E854CA9EC4EB}.Debug|Any CPU.Build.0 = Debug|Any CPU
		{B4369883-497E-445E-8DEA-E854CA9EC4EB}.Release|Any CPU.ActiveCfg = Release|Any CPU
		{B4369883-497E-445E-8DEA-E854CA9EC4EB}.Release|Any CPU.Build.0 = Release|Any CPU
	EndGlobalSection
	GlobalSection(SolutionProperties) = preSolution
		HideSolutionNode = FALSE
	EndGlobalSection
	GlobalSection(ExtensibilityGlobals) = postSolution
		SolutionGuid = {A7D4FE4F-6E4E-4298-A8D5-362D7582CFCA}
	EndGlobalSection
EndGlobal
