
Microsoft Visual Studio Solution File, Format Version 12.00
# Visual Studio Version 17
VisualStudioVersion = 17.11.35312.102
MinimumVisualStudioVersion = 10.0.40219.1
Project("{FAE04EC0-301F-11D3-BF4B-00C04F79EFBC}") = "Latin Squares", "Latin Squares.csproj", "{B29DF0D3-2F4E-4062-B332-CED1A5FAD940}"
EndProject
Global
	GlobalSection(SolutionConfigurationPlatforms) = preSolution
		Debug|Any CPU = Debug|Any CPU
		Release|Any CPU = Release|Any CPU
	EndGlobalSection
	GlobalSection(ProjectConfigurationPlatforms) = postSolution
		{B29DF0D3-2F4E-4062-B332-CED1A5FAD940}.Debug|Any CPU.ActiveCfg = Debug|Any CPU
		{B29DF0D3-2F4E-4062-B332-CED1A5FAD940}.Debug|Any CPU.Build.0 = Debug|Any CPU
		{B29DF0D3-2F4E-4062-B332-CED1A5FAD940}.Release|Any CPU.ActiveCfg = Release|Any CPU
		{B29DF0D3-2F4E-4062-B332-CED1A5FAD940}.Release|Any CPU.Build.0 = Release|Any CPU
	EndGlobalSection
	GlobalSection(SolutionProperties) = preSolution
		HideSolutionNode = FALSE
	EndGlobalSection
	GlobalSection(ExtensibilityGlobals) = postSolution
		SolutionGuid = {604A5C09-B969-4B98-BEAA-0B56711B249A}
	EndGlobalSection
EndGlobal
