
Microsoft Visual Studio Solution File, Format Version 12.00
# Visual Studio Version 17
VisualStudioVersion = 17.11.35312.102
MinimumVisualStudioVersion = 10.0.40219.1
Project("{FAE04EC0-301F-11D3-BF4B-00C04F79EFBC}") = "Minimize Sum Of Array (Array Series #1)", "Minimize Sum Of Array (Array Series #1).csproj", "{FB3AD0D6-FAAF-4691-A0BC-9588B6A52F42}"
EndProject
Global
	GlobalSection(SolutionConfigurationPlatforms) = preSolution
		Debug|Any CPU = Debug|Any CPU
		Release|Any CPU = Release|Any CPU
	EndGlobalSection
	GlobalSection(ProjectConfigurationPlatforms) = postSolution
		{FB3AD0D6-FAAF-4691-A0BC-9588B6A52F42}.Debug|Any CPU.ActiveCfg = Debug|Any CPU
		{FB3AD0D6-FAAF-4691-A0BC-9588B6A52F42}.Debug|Any CPU.Build.0 = Debug|Any CPU
		{FB3AD0D6-FAAF-4691-A0BC-9588B6A52F42}.Release|Any CPU.ActiveCfg = Release|Any CPU
		{FB3AD0D6-FAAF-4691-A0BC-9588B6A52F42}.Release|Any CPU.Build.0 = Release|Any CPU
	EndGlobalSection
	GlobalSection(SolutionProperties) = preSolution
		HideSolutionNode = FALSE
	EndGlobalSection
	GlobalSection(ExtensibilityGlobals) = postSolution
		SolutionGuid = {2E42CBC7-0467-415C-97B9-9716DF094087}
	EndGlobalSection
EndGlobal
