
Microsoft Visual Studio Solution File, Format Version 12.00
# Visual Studio Version 17
VisualStudioVersion = 17.11.35312.102
MinimumVisualStudioVersion = 10.0.40219.1
Project("{FAE04EC0-301F-11D3-BF4B-00C04F79EFBC}") = "IdentifyBallBearings", "IdentifyBallBearings.csproj", "{3642FB3C-D970-4FBC-B775-4A6272FE0473}"
EndProject
Global
	GlobalSection(SolutionConfigurationPlatforms) = preSolution
		Debug|Any CPU = Debug|Any CPU
		Release|Any CPU = Release|Any CPU
	EndGlobalSection
	GlobalSection(ProjectConfigurationPlatforms) = postSolution
		{3642FB3C-D970-4FBC-B775-4A6272FE0473}.Debug|Any CPU.ActiveCfg = Debug|Any CPU
		{3642FB3C-D970-4FBC-B775-4A6272FE0473}.Debug|Any CPU.Build.0 = Debug|Any CPU
		{3642FB3C-D970-4FBC-B775-4A6272FE0473}.Release|Any CPU.ActiveCfg = Release|Any CPU
		{3642FB3C-D970-4FBC-B775-4A6272FE0473}.Release|Any CPU.Build.0 = Release|Any CPU
	EndGlobalSection
	GlobalSection(SolutionProperties) = preSolution
		HideSolutionNode = FALSE
	EndGlobalSection
	GlobalSection(ExtensibilityGlobals) = postSolution
		SolutionGuid = {407781E0-19C1-468F-80BC-0D7A9E06C2ED}
	EndGlobalSection
EndGlobal
