
Microsoft Visual Studio Solution File, Format Version 12.00
# Visual Studio Version 17
VisualStudioVersion = 17.11.35312.102
MinimumVisualStudioVersion = 10.0.40219.1
Project("{FAE04EC0-301F-11D3-BF4B-00C04F79EFBC}") = "Product Array (Array Series #5)", "Product Array (Array Series #5).csproj", "{671A19DE-FEE8-413C-8BEC-C16734E8C808}"
EndProject
Global
	GlobalSection(SolutionConfigurationPlatforms) = preSolution
		Debug|Any CPU = Debug|Any CPU
		Release|Any CPU = Release|Any CPU
	EndGlobalSection
	GlobalSection(ProjectConfigurationPlatforms) = postSolution
		{671A19DE-FEE8-413C-8BEC-C16734E8C808}.Debug|Any CPU.ActiveCfg = Debug|Any CPU
		{671A19DE-FEE8-413C-8BEC-C16734E8C808}.Debug|Any CPU.Build.0 = Debug|Any CPU
		{671A19DE-FEE8-413C-8BEC-C16734E8C808}.Release|Any CPU.ActiveCfg = Release|Any CPU
		{671A19DE-FEE8-413C-8BEC-C16734E8C808}.Release|Any CPU.Build.0 = Release|Any CPU
	EndGlobalSection
	GlobalSection(SolutionProperties) = preSolution
		HideSolutionNode = FALSE
	EndGlobalSection
	GlobalSection(ExtensibilityGlobals) = postSolution
		SolutionGuid = {3A7F7578-487F-4C09-85D4-2D83CB6B0B8C}
	EndGlobalSection
EndGlobal
