
Microsoft Visual Studio Solution File, Format Version 12.00
# Visual Studio Version 17
VisualStudioVersion = 17.11.35312.102
MinimumVisualStudioVersion = 10.0.40219.1
Project("{FAE04EC0-301F-11D3-BF4B-00C04F79EFBC}") = "Simple Pig Latin", "Simple Pig Latin.csproj", "{82E5355A-A8EB-4DEC-BDD5-B027886C00C1}"
EndProject
Global
	GlobalSection(SolutionConfigurationPlatforms) = preSolution
		Debug|Any CPU = Debug|Any CPU
		Release|Any CPU = Release|Any CPU
	EndGlobalSection
	GlobalSection(ProjectConfigurationPlatforms) = postSolution
		{82E5355A-A8EB-4DEC-BDD5-B027886C00C1}.Debug|Any CPU.ActiveCfg = Debug|Any CPU
		{82E5355A-A8EB-4DEC-BDD5-B027886C00C1}.Debug|Any CPU.Build.0 = Debug|Any CPU
		{82E5355A-A8EB-4DEC-BDD5-B027886C00C1}.Release|Any CPU.ActiveCfg = Release|Any CPU
		{82E5355A-A8EB-4DEC-BDD5-B027886C00C1}.Release|Any CPU.Build.0 = Release|Any CPU
	EndGlobalSection
	GlobalSection(SolutionProperties) = preSolution
		HideSolutionNode = FALSE
	EndGlobalSection
	GlobalSection(ExtensibilityGlobals) = postSolution
		SolutionGuid = {B1D798C5-06FF-47DE-9470-EDFA3C6DA036}
	EndGlobalSection
EndGlobal
